
Microsoft Visual Studio Solution File, Format Version 12.00
# Visual Studio Version 17
VisualStudioVersion = 17.1.32421.90
MinimumVisualStudioVersion = 10.0.40219.1
Project("{FAE04EC0-301F-11D3-BF4B-00C04F79EFBC}") = "20220606", "20220606\20220606.csproj", "{C9679547-0A70-442C-A81C-24AAB7FD7029}"
EndProject
Global
	GlobalSection(SolutionConfigurationPlatforms) = preSolution
		Debug|Any CPU = Debug|Any CPU
		Release|Any CPU = Release|Any CPU
	EndGlobalSection
	GlobalSection(ProjectConfigurationPlatforms) = postSolution
		{C9679547-0A70-442C-A81C-24AAB7FD7029}.Debug|Any CPU.ActiveCfg = Debug|Any CPU
		{C9679547-0A70-442C-A81C-24AAB7FD7029}.Debug|Any CPU.Build.0 = Debug|Any CPU
		{C9679547-0A70-442C-A81C-24AAB7FD7029}.Release|Any CPU.ActiveCfg = Release|Any CPU
		{C9679547-0A70-442C-A81C-24AAB7FD7029}.Release|Any CPU.Build.0 = Release|Any CPU
	EndGlobalSection
	GlobalSection(SolutionProperties) = preSolution
		HideSolutionNode = FALSE
	EndGlobalSection
	GlobalSection(ExtensibilityGlobals) = postSolution
		SolutionGuid = {D34A02B7-D7A0-413F-A621-DE47C2CC8602}
	EndGlobalSection
EndGlobal
